{"1.2.0",
[{<<"cowlib">>,{pkg,<<"cowlib">>,<<"2.13.0">>},1},
 {<<"esqlite">>,{pkg,<<"esqlite">>,<<"0.8.8">>},0},
 {<<"gun">>,{pkg,<<"gun">>,<<"2.1.0">>},0},
 {<<"poolboy">>,{pkg,<<"poolboy">>,<<"1.5.2">>},0},
 {<<"quickrand">>,{pkg,<<"quickrand">>,<<"2.0.7">>},1},
 {<<"uuid">>,{pkg,<<"uuid_erl">>,<<"2.0.6">>},0}]}.
[
{pkg_hash,[
 {<<"cowlib">>, <<"DB8F7505D8332D98EF50A3EF34B34C1AFDDEC7506E4EE4DD4A3A266285D282CA">>},
 {<<"esqlite">>, <<"3B64D09CE56E46607040861E9FEBE921AA3C471B143FA90BE86078EF899D70C8">>},
 {<<"gun">>, <<"B4E4CBBF3026D21981C447E9E7CA856766046EFF693720BA43114D7F5DE36E87">>},
 {<<"poolboy">>, <<"392B007A1693A64540CEAD79830443ABF5762F5D30CF50BC95CB2C1AAAFA006B">>},
 {<<"quickrand">>, <<"D2BD76676A446E6A058D678444B7FDA1387B813710D1AF6D6E29BB92186C8820">>},
 {<<"uuid">>, <<"8767AAE0D93A0EFD062B5B30BB21188E121721C683200E164445065C08C2100A">>}]},
{pkg_hash_ext,[
 {<<"cowlib">>, <<"E1E1284DC3FC030A64B1AD0D8382AE7E99DA46C3246B815318A4B848873800A4">>},
 {<<"esqlite">>, <<"374902457C7D94DC9409C98D3BDD1CA0D50A60DC9F3BDF1FD8EB74C0DCDF02D6">>},
 {<<"gun">>, <<"52FC7FC246BFC3B00E01AEA1C2854C70A366348574AB50C57DFE796D24A0101D">>},
 {<<"poolboy">>, <<"DAD79704CE5440F3D5A3681C8590B9DC25D1A561E8F5A9C995281012860901E3">>},
 {<<"quickrand">>, <<"B8ACBF89A224BC217C3070CA8BEBC6EB236DBE7F9767993B274084EA044D35F0">>},
 {<<"uuid">>, <<"1D54D5DE4CC66317D882F62347A21655601E84CCCE913E80AADE202CDB3A8C65">>}]}
].
